
Microsoft Visual Studio Solution File, Format Version 12.00
# Visual Studio 14
VisualStudioVersion = 14.0.25420.1
MinimumVisualStudioVersion = 10.0.40219.1
Project("{FAE04EC0-301F-11D3-BF4B-00C04F79EFBC}") = "Module1 Multi threading", "Module1 Multi threading\Module1 Multi threading.csproj", "{45B63A66-B083-4DC7-8C4E-3CE9F67FDC5D}"
EndProject
Project("{FAE04EC0-301F-11D3-BF4B-00C04F79EFBC}") = "Module 1 Async-Await 1", "Module 1 Async-Await\Module 1 Async-Await 1.csproj", "{C57DD43E-20C7-41C7-814B-DAC4467093D6}"
EndProject
Project("{FAE04EC0-301F-11D3-BF4B-00C04F79EFBC}") = "Module 1 Async-Await 2", "Module 1 Async-Await 2\Module 1 Async-Await 2.csproj", "{97170E5E-5468-4D00-A6CC-09384EBD9DEF}"
EndProject
Project("{FAE04EC0-301F-11D3-BF4B-00C04F79EFBC}") = "Module 1 Async-Await 3", "Module 1 Async-Await 3\Module 1 Async-Await 3.csproj", "{FF7A73EA-A0C3-40F0-8BD5-3E3527631534}"
EndProject
Project("{FAE04EC0-301F-11D3-BF4B-00C04F79EFBC}") = "Module 1 Async-Await 4", "Module 1 Async-Await 4\Module 1 Async-Await 4.csproj", "{B9DDE240-9D56-426B-AA9F-18D997A554B2}"
EndProject
Project("{2150E333-8FDC-42A3-9474-1A3956D46DE8}") = "Module 1", "Module 1", "{6DA0DE34-32DC-4503-B232-9FA49B5DE65D}"
EndProject
Project("{2150E333-8FDC-42A3-9474-1A3956D46DE8}") = "Module 2", "Module 2", "{68C3AC13-73A9-4DE3-BB5D-FB2CAEB2D3BE}"
EndProject
Project("{FAE04EC0-301F-11D3-BF4B-00C04F79EFBC}") = "Module 02 Expression Tree task 1-2", "Module 02 Expressions and IQueryable task 1\Module 02 Expression Tree task 1-2.csproj", "{CCAB417B-A5EF-4381-A523-7CF43D7E034C}"
EndProject
Project("{FAE04EC0-301F-11D3-BF4B-00C04F79EFBC}") = "Module 02 IQueryable task 3", "Module 02 IQueryable task 3\Module 02 IQueryable task 3.csproj", "{4B096486-7457-4911-8280-7BA7A2BB45A0}"
EndProject
Project("{2150E333-8FDC-42A3-9474-1A3956D46DE8}") = "Module 3", "Module 3", "{A8123978-DAC3-45EB-8017-64FFB96EEEBD}"
EndProject
Global
	GlobalSection(SolutionConfigurationPlatforms) = preSolution
		Debug|Any CPU = Debug|Any CPU
		Release|Any CPU = Release|Any CPU
	EndGlobalSection
	GlobalSection(ProjectConfigurationPlatforms) = postSolution
		{45B63A66-B083-4DC7-8C4E-3CE9F67FDC5D}.Debug|Any CPU.ActiveCfg = Debug|Any CPU
		{45B63A66-B083-4DC7-8C4E-3CE9F67FDC5D}.Debug|Any CPU.Build.0 = Debug|Any CPU
		{45B63A66-B083-4DC7-8C4E-3CE9F67FDC5D}.Release|Any CPU.ActiveCfg = Release|Any CPU
		{45B63A66-B083-4DC7-8C4E-3CE9F67FDC5D}.Release|Any CPU.Build.0 = Release|Any CPU
		{C57DD43E-20C7-41C7-814B-DAC4467093D6}.Debug|Any CPU.ActiveCfg = Debug|Any CPU
		{C57DD43E-20C7-41C7-814B-DAC4467093D6}.Debug|Any CPU.Build.0 = Debug|Any CPU
		{C57DD43E-20C7-41C7-814B-DAC4467093D6}.Release|Any CPU.ActiveCfg = Release|Any CPU
		{C57DD43E-20C7-41C7-814B-DAC4467093D6}.Release|Any CPU.Build.0 = Release|Any CPU
		{97170E5E-5468-4D00-A6CC-09384EBD9DEF}.Debug|Any CPU.ActiveCfg = Debug|Any CPU
		{97170E5E-5468-4D00-A6CC-09384EBD9DEF}.Debug|Any CPU.Build.0 = Debug|Any CPU
		{97170E5E-5468-4D00-A6CC-09384EBD9DEF}.Release|Any CPU.ActiveCfg = Release|Any CPU
		{97170E5E-5468-4D00-A6CC-09384EBD9DEF}.Release|Any CPU.Build.0 = Release|Any CPU
		{FF7A73EA-A0C3-40F0-8BD5-3E3527631534}.Debug|Any CPU.ActiveCfg = Debug|Any CPU
		{FF7A73EA-A0C3-40F0-8BD5-3E3527631534}.Debug|Any CPU.Build.0 = Debug|Any CPU
		{FF7A73EA-A0C3-40F0-8BD5-3E3527631534}.Release|Any CPU.ActiveCfg = Release|Any CPU
		{FF7A73EA-A0C3-40F0-8BD5-3E3527631534}.Release|Any CPU.Build.0 = Release|Any CPU
		{B9DDE240-9D56-426B-AA9F-18D997A554B2}.Debug|Any CPU.ActiveCfg = Debug|Any CPU
		{B9DDE240-9D56-426B-AA9F-18D997A554B2}.Debug|Any CPU.Build.0 = Debug|Any CPU
		{B9DDE240-9D56-426B-AA9F-18D997A554B2}.Release|Any CPU.ActiveCfg = Release|Any CPU
		{B9DDE240-9D56-426B-AA9F-18D997A554B2}.Release|Any CPU.Build.0 = Release|Any CPU
		{CCAB417B-A5EF-4381-A523-7CF43D7E034C}.Debug|Any CPU.ActiveCfg = Debug|Any CPU
		{CCAB417B-A5EF-4381-A523-7CF43D7E034C}.Debug|Any CPU.Build.0 = Debug|Any CPU
		{CCAB417B-A5EF-4381-A523-7CF43D7E034C}.Release|Any CPU.ActiveCfg = Release|Any CPU
		{CCAB417B-A5EF-4381-A523-7CF43D7E034C}.Release|Any CPU.Build.0 = Release|Any CPU
		{4B096486-7457-4911-8280-7BA7A2BB45A0}.Debug|Any CPU.ActiveCfg = Debug|Any CPU
		{4B096486-7457-4911-8280-7BA7A2BB45A0}.Debug|Any CPU.Build.0 = Debug|Any CPU
		{4B096486-7457-4911-8280-7BA7A2BB45A0}.Release|Any CPU.ActiveCfg = Release|Any CPU
		{4B096486-7457-4911-8280-7BA7A2BB45A0}.Release|Any CPU.Build.0 = Release|Any CPU
	EndGlobalSection
	GlobalSection(SolutionProperties) = preSolution
		HideSolutionNode = FALSE
	EndGlobalSection
	GlobalSection(NestedProjects) = preSolution
		{45B63A66-B083-4DC7-8C4E-3CE9F67FDC5D} = {6DA0DE34-32DC-4503-B232-9FA49B5DE65D}
		{C57DD43E-20C7-41C7-814B-DAC4467093D6} = {6DA0DE34-32DC-4503-B232-9FA49B5DE65D}
		{97170E5E-5468-4D00-A6CC-09384EBD9DEF} = {6DA0DE34-32DC-4503-B232-9FA49B5DE65D}
		{FF7A73EA-A0C3-40F0-8BD5-3E3527631534} = {6DA0DE34-32DC-4503-B232-9FA49B5DE65D}
		{B9DDE240-9D56-426B-AA9F-18D997A554B2} = {6DA0DE34-32DC-4503-B232-9FA49B5DE65D}
		{CCAB417B-A5EF-4381-A523-7CF43D7E034C} = {68C3AC13-73A9-4DE3-BB5D-FB2CAEB2D3BE}
		{4B096486-7457-4911-8280-7BA7A2BB45A0} = {68C3AC13-73A9-4DE3-BB5D-FB2CAEB2D3BE}
	EndGlobalSection
EndGlobal
